
Microsoft Visual Studio Solution File, Format Version 12.00
# Visual Studio Version 17
VisualStudioVersion = 17.0.31919.166
MinimumVisualStudioVersion = 10.0.40219.1
Project("{FAE04EC0-301F-11D3-BF4B-00C04F79EFBC}") = "Adding Manager and Head Manager to Reimbursement", "Adding Manager and Head Manager to Reimbursement\Adding Manager and Head Manager to Reimbursement.csproj", "{4DB9784D-E0A6-4F60-B7E7-319497130DA1}"
EndProject
Global
	GlobalSection(SolutionConfigurationPlatforms) = preSolution
		Debug|Any CPU = Debug|Any CPU
		Release|Any CPU = Release|Any CPU
	EndGlobalSection
	GlobalSection(ProjectConfigurationPlatforms) = postSolution
		{4DB9784D-E0A6-4F60-B7E7-319497130DA1}.Debug|Any CPU.ActiveCfg = Debug|Any CPU
		{4DB9784D-E0A6-4F60-B7E7-319497130DA1}.Debug|Any CPU.Build.0 = Debug|Any CPU
		{4DB9784D-E0A6-4F60-B7E7-319497130DA1}.Release|Any CPU.ActiveCfg = Release|Any CPU
		{4DB9784D-E0A6-4F60-B7E7-319497130DA1}.Release|Any CPU.Build.0 = Release|Any CPU
	EndGlobalSection
	GlobalSection(SolutionProperties) = preSolution
		HideSolutionNode = FALSE
	EndGlobalSection
	GlobalSection(ExtensibilityGlobals) = postSolution
		SolutionGuid = {E89EE056-C0EF-4658-B3E1-9E9CAAE250AE}
	EndGlobalSection
EndGlobal
